// !$*UTF8*$!
{
	archiveVersion = 1;
	classes = {
	};
	objectVersion = 50;
	objects = {

/* Begin PBXBuildFile section */
		30B5736724A771610053DAA9 /* AppDelegate.swift in Sources */ = {isa = PBXBuildFile; fileRef = 30B5736624A771610053DAA9 /* AppDelegate.swift */; };
		30B5736924A771610053DAA9 /* SceneDelegate.swift in Sources */ = {isa = PBXBuildFile; fileRef = 30B5736824A771610053DAA9 /* SceneDelegate.swift */; };
		30B5736B24A771610053DAA9 /* ViewController.swift in Sources */ = {isa = PBXBuildFile; fileRef = 30B5736A24A771610053DAA9 /* ViewController.swift */; };
		30B5736E24A771610053DAA9 /* Main.storyboard in Resources */ = {isa = PBXBuildFile; fileRef = 30B5736C24A771610053DAA9 /* Main.storyboard */; };
		30B5737024A771620053DAA9 /* Assets.xcassets in Resources */ = {isa = PBXBuildFile; fileRef = 30B5736F24A771620053DAA9 /* Assets.xcassets */; };
		30B5737324A771620053DAA9 /* LaunchScreen.storyboard in Resources */ = {isa = PBXBuildFile; fileRef = 30B5737124A771620053DAA9 /* LaunchScreen.storyboard */; };
		30B5738124A7718B0053DAA9 /* WidgetKit.framework in Frameworks */ = {isa = PBXBuildFile; fileRef = 30B5738024A7718B0053DAA9 /* WidgetKit.framework */; };
		30B5738324A7718B0053DAA9 /* SwiftUI.framework in Frameworks */ = {isa = PBXBuildFile; fileRef = 30B5738224A7718B0053DAA9 /* SwiftUI.framework */; };
		30B5738624A7718B0053DAA9 /* TronaldDumpWidget.swift in Sources */ = {isa = PBXBuildFile; fileRef = 30B5738524A7718B0053DAA9 /* TronaldDumpWidget.swift */; };
		30B5738924A7718D0053DAA9 /* Assets.xcassets in Resources */ = {isa = PBXBuildFile; fileRef = 30B5738824A7718D0053DAA9 /* Assets.xcassets */; };
		30B5738B24A7718D0053DAA9 /* TronaldDumpWidget.intentdefinition in Sources */ = {isa = PBXBuildFile; fileRef = 30B5738724A7718B0053DAA9 /* TronaldDumpWidget.intentdefinition */; };
		30B5738C24A7718D0053DAA9 /* TronaldDumpWidget.intentdefinition in Sources */ = {isa = PBXBuildFile; fileRef = 30B5738724A7718B0053DAA9 /* TronaldDumpWidget.intentdefinition */; };
		30B5738F24A7718D0053DAA9 /* TronaldDumpWidgetExtension.appex in Embed App Extensions */ = {isa = PBXBuildFile; fileRef = 30B5737E24A7718B0053DAA9 /* TronaldDumpWidgetExtension.appex */; settings = {ATTRIBUTES = (RemoveHeadersOnCopy, ); }; };
		30B5739524A771A60053DAA9 /* TronaldDumpController.swift in Sources */ = {isa = PBXBuildFile; fileRef = 30B5739424A771A60053DAA9 /* TronaldDumpController.swift */; };
		30B5739624A771A60053DAA9 /* TronaldDumpController.swift in Sources */ = {isa = PBXBuildFile; fileRef = 30B5739424A771A60053DAA9 /* TronaldDumpController.swift */; };
/* End PBXBuildFile section */

/* Begin PBXContainerItemProxy section */
		30B5738D24A7718D0053DAA9 /* PBXContainerItemProxy */ = {
			isa = PBXContainerItemProxy;
			containerPortal = 30B5735B24A771600053DAA9 /* Project object */;
			proxyType = 1;
			remoteGlobalIDString = 30B5737D24A7718B0053DAA9;
			remoteInfo = TronaldDumpWidgetExtension;
		};
/* End PBXContainerItemProxy section */

/* Begin PBXCopyFilesBuildPhase section */
		30B5739324A7718D0053DAA9 /* Embed App Extensions */ = {
			isa = PBXCopyFilesBuildPhase;
			buildActionMask = 2147483647;
			dstPath = "";
			dstSubfolderSpec = 13;
			files = (
				30B5738F24A7718D0053DAA9 /* TronaldDumpWidgetExtension.appex in Embed App Extensions */,
			);
			name = "Embed App Extensions";
			runOnlyForDeploymentPostprocessing = 0;
		};
/* End PBXCopyFilesBuildPhase section */

/* Begin PBXFileReference section */
		30B5736324A771610053DAA9 /* TronaldDump.app */ = {isa = PBXFileReference; explicitFileType = wrapper.application; includeInIndex = 0; path = TronaldDump.app; sourceTree = BUILT_PRODUCTS_DIR; };
		30B5736624A771610053DAA9 /* AppDelegate.swift */ = {isa = PBXFileReference; lastKnownFileType = sourcecode.swift; path = AppDelegate.swift; sourceTree = "<group>"; };
		30B5736824A771610053DAA9 /* SceneDelegate.swift */ = {isa = PBXFileReference; lastKnownFileType = sourcecode.swift; path = SceneDelegate.swift; sourceTree = "<group>"; };
		30B5736A24A771610053DAA9 /* ViewController.swift */ = {isa = PBXFileReference; lastKnownFileType = sourcecode.swift; path = ViewController.swift; sourceTree = "<group>"; };
		30B5736D24A771610053DAA9 /* Base */ = {isa = PBXFileReference; lastKnownFileType = file.storyboard; name = Base; path = Base.lproj/Main.storyboard; sourceTree = "<group>"; };
		30B5736F24A771620053DAA9 /* Assets.xcassets */ = {isa = PBXFileReference; lastKnownFileType = folder.assetcatalog; path = Assets.xcassets; sourceTree = "<group>"; };
		30B5737224A771620053DAA9 /* Base */ = {isa = PBXFileReference; lastKnownFileType = file.storyboard; name = Base; path = Base.lproj/LaunchScreen.storyboard; sourceTree = "<group>"; };
		30B5737424A771620053DAA9 /* Info.plist */ = {isa = PBXFileReference; lastKnownFileType = text.plist.xml; path = Info.plist; sourceTree = "<group>"; };
		30B5737E24A7718B0053DAA9 /* TronaldDumpWidgetExtension.appex */ = {isa = PBXFileReference; explicitFileType = "wrapper.app-extension"; includeInIndex = 0; path = TronaldDumpWidgetExtension.appex; sourceTree = BUILT_PRODUCTS_DIR; };
		30B5738024A7718B0053DAA9 /* WidgetKit.framework */ = {isa = PBXFileReference; lastKnownFileType = wrapper.framework; name = WidgetKit.framework; path = System/Library/Frameworks/WidgetKit.framework; sourceTree = SDKROOT; };
		30B5738224A7718B0053DAA9 /* SwiftUI.framework */ = {isa = PBXFileReference; lastKnownFileType = wrapper.framework; name = SwiftUI.framework; path = System/Library/Frameworks/SwiftUI.framework; sourceTree = SDKROOT; };
		30B5738524A7718B0053DAA9 /* TronaldDumpWidget.swift */ = {isa = PBXFileReference; lastKnownFileType = sourcecode.swift; path = TronaldDumpWidget.swift; sourceTree = "<group>"; };
		30B5738724A7718B0053DAA9 /* TronaldDumpWidget.intentdefinition */ = {isa = PBXFileReference; lastKnownFileType = file.intentdefinition; path = TronaldDumpWidget.intentdefinition; sourceTree = "<group>"; };
		30B5738824A7718D0053DAA9 /* Assets.xcassets */ = {isa = PBXFileReference; lastKnownFileType = folder.assetcatalog; path = Assets.xcassets; sourceTree = "<group>"; };
		30B5738A24A7718D0053DAA9 /* Info.plist */ = {isa = PBXFileReference; lastKnownFileType = text.plist.xml; path = Info.plist; sourceTree = "<group>"; };
		30B5739424A771A60053DAA9 /* TronaldDumpController.swift */ = {isa = PBXFileReference; lastKnownFileType = sourcecode.swift; path = TronaldDumpController.swift; sourceTree = "<group>"; };
/* End PBXFileReference section */

/* Begin PBXFrameworksBuildPhase section */
		30B5736024A771610053DAA9 /* Frameworks */ = {
			isa = PBXFrameworksBuildPhase;
			buildActionMask = 2147483647;
			files = (
			);
			runOnlyForDeploymentPostprocessing = 0;
		};
		30B5737B24A7718B0053DAA9 /* Frameworks */ = {
			isa = PBXFrameworksBuildPhase;
			buildActionMask = 2147483647;
			files = (
				30B5738324A7718B0053DAA9 /* SwiftUI.framework in Frameworks */,
				30B5738124A7718B0053DAA9 /* WidgetKit.framework in Frameworks */,
			);
			runOnlyForDeploymentPostprocessing = 0;
		};
/* End PBXFrameworksBuildPhase section */

/* Begin PBXGroup section */
		30B5735A24A771600053DAA9 = {
			isa = PBXGroup;
			children = (
				30B5739724A771AB0053DAA9 /* TronaldDumpShared */,
				30B5736524A771610053DAA9 /* TronaldDump */,
				30B5738424A7718B0053DAA9 /* TronaldDumpWidget */,
				30B5737F24A7718B0053DAA9 /* Frameworks */,
				30B5736424A771610053DAA9 /* Products */,
			);
			sourceTree = "<group>";
		};
		30B5736424A771610053DAA9 /* Products */ = {
			isa = PBXGroup;
			children = (
				30B5736324A771610053DAA9 /* TronaldDump.app */,
				30B5737E24A7718B0053DAA9 /* TronaldDumpWidgetExtension.appex */,
			);
			name = Products;
			sourceTree = "<group>";
		};
		30B5736524A771610053DAA9 /* TronaldDump */ = {
			isa = PBXGroup;
			children = (
				30B5736624A771610053DAA9 /* AppDelegate.swift */,
				30B5736824A771610053DAA9 /* SceneDelegate.swift */,
				30B5736A24A771610053DAA9 /* ViewController.swift */,
				30B5736C24A771610053DAA9 /* Main.storyboard */,
				30B5736F24A771620053DAA9 /* Assets.xcassets */,
				30B5737124A771620053DAA9 /* LaunchScreen.storyboard */,
				30B5737424A771620053DAA9 /* Info.plist */,
			);
			path = TronaldDump;
			sourceTree = "<group>";
		};
		30B5737F24A7718B0053DAA9 /* Frameworks */ = {
			isa = PBXGroup;
			children = (
				30B5738024A7718B0053DAA9 /* WidgetKit.framework */,
				30B5738224A7718B0053DAA9 /* SwiftUI.framework */,
			);
			name = Frameworks;
			sourceTree = "<group>";
		};
		30B5738424A7718B0053DAA9 /* TronaldDumpWidget */ = {
			isa = PBXGroup;
			children = (
				30B5738524A7718B0053DAA9 /* TronaldDumpWidget.swift */,
				30B5738724A7718B0053DAA9 /* TronaldDumpWidget.intentdefinition */,
				30B5738824A7718D0053DAA9 /* Assets.xcassets */,
				30B5738A24A7718D0053DAA9 /* Info.plist */,
			);
			path = TronaldDumpWidget;
			sourceTree = "<group>";
		};
		30B5739724A771AB0053DAA9 /* TronaldDumpShared */ = {
			isa = PBXGroup;
			children = (
				30B5739424A771A60053DAA9 /* TronaldDumpController.swift */,
			);
			path = TronaldDumpShared;
			sourceTree = "<group>";
		};
/* End PBXGroup section */

/* Begin PBXNativeTarget section */
		30B5736224A771610053DAA9 /* TronaldDump */ = {
			isa = PBXNativeTarget;
			buildConfigurationList = 30B5737724A771620053DAA9 /* Build configuration list for PBXNativeTarget "TronaldDump" */;
			buildPhases = (
				30B5735F24A771610053DAA9 /* Sources */,
				30B5736024A771610053DAA9 /* Frameworks */,
				30B5736124A771610053DAA9 /* Resources */,
				30B5739324A7718D0053DAA9 /* Embed App Extensions */,
			);
			buildRules = (
			);
			dependencies = (
				30B5738E24A7718D0053DAA9 /* PBXTargetDependency */,
			);
			name = TronaldDump;
			productName = TronaldDump;
			productReference = 30B5736324A771610053DAA9 /* TronaldDump.app */;
			productType = "com.apple.product-type.application";
		};
		30B5737D24A7718B0053DAA9 /* TronaldDumpWidgetExtension */ = {
			isa = PBXNativeTarget;
			buildConfigurationList = 30B5739024A7718D0053DAA9 /* Build configuration list for PBXNativeTarget "TronaldDumpWidgetExtension" */;
			buildPhases = (
				30B5737A24A7718B0053DAA9 /* Sources */,
				30B5737B24A7718B0053DAA9 /* Frameworks */,
				30B5737C24A7718B0053DAA9 /* Resources */,
			);
			buildRules = (
			);
			dependencies = (
			);
			name = TronaldDumpWidgetExtension;
			productName = TronaldDumpWidgetExtension;
			productReference = 30B5737E24A7718B0053DAA9 /* TronaldDumpWidgetExtension.appex */;
			productType = "com.apple.product-type.app-extension";
		};
/* End PBXNativeTarget section */

/* Begin PBXProject section */
		30B5735B24A771600053DAA9 /* Project object */ = {
			isa = PBXProject;
			attributes = {
				LastSwiftUpdateCheck = 1200;
				LastUpgradeCheck = 1200;
				TargetAttributes = {
					30B5736224A771610053DAA9 = {
						CreatedOnToolsVersion = 12.0;
					};
					30B5737D24A7718B0053DAA9 = {
						CreatedOnToolsVersion = 12.0;
					};
				};
			};
			buildConfigurationList = 30B5735E24A771600053DAA9 /* Build configuration list for PBXProject "TronaldDump" */;
			compatibilityVersion = "Xcode 9.3";
			developmentRegion = en;
			hasScannedForEncodings = 0;
			knownRegions = (
				en,
				Base,
			);
			mainGroup = 30B5735A24A771600053DAA9;
			productRefGroup = 30B5736424A771610053DAA9 /* Products */;
			projectDirPath = "";
			projectRoot = "";
			targets = (
				30B5736224A771610053DAA9 /* TronaldDump */,
				30B5737D24A7718B0053DAA9 /* TronaldDumpWidgetExtension */,
			);
		};
/* End PBXProject section */

/* Begin PBXResourcesBuildPhase section */
		30B5736124A771610053DAA9 /* Resources */ = {
			isa = PBXResourcesBuildPhase;
			buildActionMask = 2147483647;
			files = (
				30B5737324A771620053DAA9 /* LaunchScreen.storyboard in Resources */,
				30B5737024A771620053DAA9 /* Assets.xcassets in Resources */,
				30B5736E24A771610053DAA9 /* Main.storyboard in Resources */,
			);
			runOnlyForDeploymentPostprocessing = 0;
		};
		30B5737C24A7718B0053DAA9 /* Resources */ = {
			isa = PBXResourcesBuildPhase;
			buildActionMask = 2147483647;
			files = (
				30B5738924A7718D0053DAA9 /* Assets.xcassets in Resources */,
			);
			runOnlyForDeploymentPostprocessing = 0;
		};
/* End PBXResourcesBuildPhase section */

/* Begin PBXSourcesBuildPhase section */
		30B5735F24A771610053DAA9 /* Sources */ = {
			isa = PBXSourcesBuildPhase;
			buildActionMask = 2147483647;
			files = (
				30B5736B24A771610053DAA9 /* ViewController.swift in Sources */,
				30B5738C24A7718D0053DAA9 /* TronaldDumpWidget.intentdefinition in Sources */,
				30B5739524A771A60053DAA9 /* TronaldDumpController.swift in Sources */,
				30B5736724A771610053DAA9 /* AppDelegate.swift in Sources */,
				30B5736924A771610053DAA9 /* SceneDelegate.swift in Sources */,
			);
			runOnlyForDeploymentPostprocessing = 0;
		};
		30B5737A24A7718B0053DAA9 /* Sources */ = {
			isa = PBXSourcesBuildPhase;
			buildActionMask = 2147483647;
			files = (
				30B5738624A7718B0053DAA9 /* TronaldDumpWidget.swift in Sources */,
				30B5739624A771A60053DAA9 /* TronaldDumpController.swift in Sources */,
				30B5738B24A7718D0053DAA9 /* TronaldDumpWidget.intentdefinition in Sources */,
			);
			runOnlyForDeploymentPostprocessing = 0;
		};
/* End PBXSourcesBuildPhase section */

/* Begin PBXTargetDependency section */
		30B5738E24A7718D0053DAA9 /* PBXTargetDependency */ = {
			isa = PBXTargetDependency;
			target = 30B5737D24A7718B0053DAA9 /* TronaldDumpWidgetExtension */;
			targetProxy = 30B5738D24A7718D0053DAA9 /* PBXContainerItemProxy */;
		};
/* End PBXTargetDependency section */

/* Begin PBXVariantGroup section */
		30B5736C24A771610053DAA9 /* Main.storyboard */ = {
			isa = PBXVariantGroup;
			children = (
				30B5736D24A771610053DAA9 /* Base */,
			);
			name = Main.storyboard;
			sourceTree = "<group>";
		};
		30B5737124A771620053DAA9 /* LaunchScreen.storyboard */ = {
			isa = PBXVariantGroup;
			children = (
				30B5737224A771620053DAA9 /* Base */,
			);
			name = LaunchScreen.storyboard;
			sourceTree = "<group>";
		};
/* End PBXVariantGroup section */

/* Begin XCBuildConfiguration section */
		30B5737524A771620053DAA9 /* Debug */ = {
			isa = XCBuildConfiguration;
			buildSettings = {
				ALWAYS_SEARCH_USER_PATHS = NO;
				CLANG_ANALYZER_NONNULL = YES;
				CLANG_ANALYZER_NUMBER_OBJECT_CONVERSION = YES_AGGRESSIVE;
				CLANG_CXX_LANGUAGE_STANDARD = "gnu++14";
				CLANG_CXX_LIBRARY = "libc++";
				CLANG_ENABLE_MODULES = YES;
				CLANG_ENABLE_OBJC_ARC = YES;
				CLANG_ENABLE_OBJC_WEAK = YES;
				CLANG_WARN_BLOCK_CAPTURE_AUTORELEASING = YES;
				CLANG_WARN_BOOL_CONVERSION = YES;
				CLANG_WARN_COMMA = YES;
				CLANG_WARN_CONSTANT_CONVERSION = YES;
				CLANG_WARN_DEPRECATED_OBJC_IMPLEMENTATIONS = YES;
				CLANG_WARN_DIRECT_OBJC_ISA_USAGE = YES_ERROR;
				CLANG_WARN_DOCUMENTATION_COMMENTS = YES;
				CLANG_WARN_EMPTY_BODY = YES;
				CLANG_WARN_ENUM_CONVERSION = YES;
				CLANG_WARN_INFINITE_RECURSION = YES;
				CLANG_WARN_INT_CONVERSION = YES;
				CLANG_WARN_NON_LITERAL_NULL_CONVERSION = YES;
				CLANG_WARN_OBJC_IMPLICIT_RETAIN_SELF = YES;
				CLANG_WARN_OBJC_LITERAL_CONVERSION = YES;
				CLANG_WARN_OBJC_ROOT_CLASS = YES_ERROR;
				CLANG_WARN_QUOTED_INCLUDE_IN_FRAMEWORK_HEADER = YES;
				CLANG_WARN_RANGE_LOOP_ANALYSIS = YES;
				CLANG_WARN_STRICT_PROTOTYPES = YES;
				CLANG_WARN_SUSPICIOUS_MOVE = YES;
				CLANG_WARN_UNGUARDED_AVAILABILITY = YES_AGGRESSIVE;
				CLANG_WARN_UNREACHABLE_CODE = YES;
				CLANG_WARN__DUPLICATE_METHOD_MATCH = YES;
				COPY_PHASE_STRIP = NO;
				DEBUG_INFORMATION_FORMAT = dwarf;
				ENABLE_STRICT_OBJC_MSGSEND = YES;
				ENABLE_TESTABILITY = YES;
				GCC_C_LANGUAGE_STANDARD = gnu11;
				GCC_DYNAMIC_NO_PIC = NO;
				GCC_NO_COMMON_BLOCKS = YES;
				GCC_OPTIMIZATION_LEVEL = 0;
				GCC_PREPROCESSOR_DEFINITIONS = (
					"DEBUG=1",
					"$(inherited)",
				);
				GCC_WARN_64_TO_32_BIT_CONVERSION = YES;
				GCC_WARN_ABOUT_RETURN_TYPE = YES_ERROR;
				GCC_WARN_UNDECLARED_SELECTOR = YES;
				GCC_WARN_UNINITIALIZED_AUTOS = YES_AGGRESSIVE;
				GCC_WARN_UNUSED_FUNCTION = YES;
				GCC_WARN_UNUSED_VARIABLE = YES;
				IPHONEOS_DEPLOYMENT_TARGET = 14.0;
				MTL_ENABLE_DEBUG_INFO = INCLUDE_SOURCE;
				MTL_FAST_MATH = YES;
				ONLY_ACTIVE_ARCH = YES;
				SDKROOT = iphoneos;
				SWIFT_ACTIVE_COMPILATION_CONDITIONS = DEBUG;
				SWIFT_OPTIMIZATION_LEVEL = "-Onone";
			};
			name = Debug;
		};
		30B5737624A771620053DAA9 /* Release */ = {
			isa = XCBuildConfiguration;
			buildSettings = {
				ALWAYS_SEARCH_USER_PATHS = NO;
				CLANG_ANALYZER_NONNULL = YES;
				CLANG_ANALYZER_NUMBER_OBJECT_CONVERSION = YES_AGGRESSIVE;
				CLANG_CXX_LANGUAGE_STANDARD = "gnu++14";
				CLANG_CXX_LIBRARY = "libc++";
				CLANG_ENABLE_MODULES = YES;
				CLANG_ENABLE_OBJC_ARC = YES;
				CLANG_ENABLE_OBJC_WEAK = YES;
				CLANG_WARN_BLOCK_CAPTURE_AUTORELEASING = YES;
				CLANG_WARN_BOOL_CONVERSION = YES;
				CLANG_WARN_COMMA = YES;
				CLANG_WARN_CONSTANT_CONVERSION = YES;
				CLANG_WARN_DEPRECATED_OBJC_IMPLEMENTATIONS = YES;
				CLANG_WARN_DIRECT_OBJC_ISA_USAGE = YES_ERROR;
				CLANG_WARN_DOCUMENTATION_COMMENTS = YES;
				CLANG_WARN_EMPTY_BODY = YES;
				CLANG_WARN_ENUM_CONVERSION = YES;
				CLANG_WARN_INFINITE_RECURSION = YES;
				CLANG_WARN_INT_CONVERSION = YES;
				CLANG_WARN_NON_LITERAL_NULL_CONVERSION = YES;
				CLANG_WARN_OBJC_IMPLICIT_RETAIN_SELF = YES;
				CLANG_WARN_OBJC_LITERAL_CONVERSION = YES;
				CLANG_WARN_OBJC_ROOT_CLASS = YES_ERROR;
				CLANG_WARN_QUOTED_INCLUDE_IN_FRAMEWORK_HEADER = YES;
				CLANG_WARN_RANGE_LOOP_ANALYSIS = YES;
				CLANG_WARN_STRICT_PROTOTYPES = YES;
				CLANG_WARN_SUSPICIOUS_MOVE = YES;
				CLANG_WARN_UNGUARDED_AVAILABILITY = YES_AGGRESSIVE;
				CLANG_WARN_UNREACHABLE_CODE = YES;
				CLANG_WARN__DUPLICATE_METHOD_MATCH = YES;
				COPY_PHASE_STRIP = NO;
				DEBUG_INFORMATION_FORMAT = "dwarf-with-dsym";
				ENABLE_NS_ASSERTIONS = NO;
				ENABLE_STRICT_OBJC_MSGSEND = YES;
				GCC_C_LANGUAGE_STANDARD = gnu11;
				GCC_NO_COMMON_BLOCKS = YES;
				GCC_WARN_64_TO_32_BIT_CONVERSION = YES;
				GCC_WARN_ABOUT_RETURN_TYPE = YES_ERROR;
				GCC_WARN_UNDECLARED_SELECTOR = YES;
				GCC_WARN_UNINITIALIZED_AUTOS = YES_AGGRESSIVE;
				GCC_WARN_UNUSED_FUNCTION = YES;
				GCC_WARN_UNUSED_VARIABLE = YES;
				IPHONEOS_DEPLOYMENT_TARGET = 14.0;
				MTL_ENABLE_DEBUG_INFO = NO;
				MTL_FAST_MATH = YES;
				SDKROOT = iphoneos;
				SWIFT_COMPILATION_MODE = wholemodule;
				SWIFT_OPTIMIZATION_LEVEL = "-O";
				VALIDATE_PRODUCT = YES;
			};
			name = Release;
		};
		30B5737824A771620053DAA9 /* Debug */ = {
			isa = XCBuildConfiguration;
			buildSettings = {
				ALWAYS_EMBED_SWIFT_STANDARD_LIBRARIES = YES;
				ASSETCATALOG_COMPILER_APPICON_NAME = AppIcon;
				ASSETCATALOG_COMPILER_GLOBAL_ACCENT_COLOR_NAME = AccentColor;
				CODE_SIGN_STYLE = Automatic;
				DEVELOPMENT_TEAM = 2J3WW2KWBU;
				INFOPLIST_FILE = TronaldDump/Info.plist;
				LD_RUNPATH_SEARCH_PATHS = (
					"$(inherited)",
					"@executable_path/Frameworks",
				);
				PRODUCT_BUNDLE_IDENTIFIER = com.aritropaul.TronaldDump;
				PRODUCT_NAME = "$(TARGET_NAME)";
				SWIFT_VERSION = 5.0;
				TARGETED_DEVICE_FAMILY = "1,2";
			};
			name = Debug;
		};
		30B5737924A771620053DAA9 /* Release */ = {
			isa = XCBuildConfiguration;
			buildSettings = {
				ALWAYS_EMBED_SWIFT_STANDARD_LIBRARIES = YES;
				ASSETCATALOG_COMPILER_APPICON_NAME = AppIcon;
				ASSETCATALOG_COMPILER_GLOBAL_ACCENT_COLOR_NAME = AccentColor;
				CODE_SIGN_STYLE = Automatic;
				DEVELOPMENT_TEAM = 2J3WW2KWBU;
				INFOPLIST_FILE = TronaldDump/Info.plist;
				LD_RUNPATH_SEARCH_PATHS = (
					"$(inherited)",
					"@executable_path/Frameworks",
				);
				PRODUCT_BUNDLE_IDENTIFIER = com.aritropaul.TronaldDump;
				PRODUCT_NAME = "$(TARGET_NAME)";
				SWIFT_VERSION = 5.0;
				TARGETED_DEVICE_FAMILY = "1,2";
			};
			name = Release;
		};
		30B5739124A7718D0053DAA9 /* Debug */ = {
			isa = XCBuildConfiguration;
			buildSettings = {
				ASSETCATALOG_COMPILER_GLOBAL_ACCENT_COLOR_NAME = AccentColor;
				ASSETCATALOG_COMPILER_WIDGET_BACKGROUND_COLOR_NAME = WidgetBackground;
				CODE_SIGN_STYLE = Automatic;
				DEVELOPMENT_TEAM = 2J3WW2KWBU;
				INFOPLIST_FILE = TronaldDumpWidget/Info.plist;
				LD_RUNPATH_SEARCH_PATHS = (
					"$(inherited)",
					"@executable_path/Frameworks",
					"@executable_path/../../Frameworks",
				);
				PRODUCT_BUNDLE_IDENTIFIER = com.aritropaul.TronaldDump.TronaldDumpWidget;
				PRODUCT_NAME = "$(TARGET_NAME)";
				SKIP_INSTALL = YES;
				SWIFT_VERSION = 5.0;
				TARGETED_DEVICE_FAMILY = "1,2";
			};
			name = Debug;
		};
		30B5739224A7718D0053DAA9 /* Release */ = {
			isa = XCBuildConfiguration;
			buildSettings = {
				ASSETCATALOG_COMPILER_GLOBAL_ACCENT_COLOR_NAME = AccentColor;
				ASSETCATALOG_COMPILER_WIDGET_BACKGROUND_COLOR_NAME = WidgetBackground;
				CODE_SIGN_STYLE = Automatic;
				DEVELOPMENT_TEAM = 2J3WW2KWBU;
				INFOPLIST_FILE = TronaldDumpWidget/Info.plist;
				LD_RUNPATH_SEARCH_PATHS = (
					"$(inherited)",
					"@executable_path/Frameworks",
					"@executable_path/../../Frameworks",
				);
				PRODUCT_BUNDLE_IDENTIFIER = com.aritropaul.TronaldDump.TronaldDumpWidget;
				PRODUCT_NAME = "$(TARGET_NAME)";
				SKIP_INSTALL = YES;
				SWIFT_VERSION = 5.0;
				TARGETED_DEVICE_FAMILY = "1,2";
			};
			name = Release;
		};
/* End XCBuildConfiguration section */

/* Begin XCConfigurationList section */
		30B5735E24A771600053DAA9 /* Build configuration list for PBXProject "TronaldDump" */ = {
			isa = XCConfigurationList;
			buildConfigurations = (
				30B5737524A771620053DAA9 /* Debug */,
				30B5737624A771620053DAA9 /* Release */,
			);
			defaultConfigurationIsVisible = 0;
			defaultConfigurationName = Release;
		};
		30B5737724A771620053DAA9 /* Build configuration list for PBXNativeTarget "TronaldDump" */ = {
			isa = XCConfigurationList;
			buildConfigurations = (
				30B5737824A771620053DAA9 /* Debug */,
				30B5737924A771620053DAA9 /* Release */,
			);
			defaultConfigurationIsVisible = 0;
			defaultConfigurationName = Release;
		};
		30B5739024A7718D0053DAA9 /* Build configuration list for PBXNativeTarget "TronaldDumpWidgetExtension" */ = {
			isa = XCConfigurationList;
			buildConfigurations = (
				30B5739124A7718D0053DAA9 /* Debug */,
				30B5739224A7718D0053DAA9 /* Release */,
			);
			defaultConfigurationIsVisible = 0;
			defaultConfigurationName = Release;
		};
/* End XCConfigurationList section */
	};
	rootObject = 30B5735B24A771600053DAA9 /* Project object */;
}
